
Microsoft Visual Studio Solution File, Format Version 12.00
# Visual Studio Version 16
VisualStudioVersion = 16.0.31729.503
MinimumVisualStudioVersion = 10.0.40219.1
Project("{FAE04EC0-301F-11D3-BF4B-00C04F79EFBC}") = "FormsAndEventsPractice", "FormsAndEventsPractice\FormsAndEventsPractice.csproj", "{0C8F4659-4943-436E-8F65-F3C6C707A987}"
EndProject
Global
	GlobalSection(SolutionConfigurationPlatforms) = preSolution
		Debug|Any CPU = Debug|Any CPU
		Release|Any CPU = Release|Any CPU
	EndGlobalSection
	GlobalSection(ProjectConfigurationPlatforms) = postSolution
		{0C8F4659-4943-436E-8F65-F3C6C707A987}.Debug|Any CPU.ActiveCfg = Debug|Any CPU
		{0C8F4659-4943-436E-8F65-F3C6C707A987}.Debug|Any CPU.Build.0 = Debug|Any CPU
		{0C8F4659-4943-436E-8F65-F3C6C707A987}.Release|Any CPU.ActiveCfg = Release|Any CPU
		{0C8F4659-4943-436E-8F65-F3C6C707A987}.Release|Any CPU.Build.0 = Release|Any CPU
	EndGlobalSection
	GlobalSection(SolutionProperties) = preSolution
		HideSolutionNode = FALSE
	EndGlobalSection
	GlobalSection(ExtensibilityGlobals) = postSolution
		SolutionGuid = {15DC9045-D239-4A34-8FD3-92216C1F0349}
	EndGlobalSection
EndGlobal
